// !$*UTF8*$!
{
	archiveVersion = 1;
	classes = {
	};
	objectVersion = 46;
	objects = {

/* Begin PBXBuildFile section */
		365F251A1C854D5E005F43A3 /* AppDelegate.swift in Sources */ = {isa = PBXBuildFile; fileRef = 365F25191C854D5E005F43A3 /* AppDelegate.swift */; };
		365F251C1C854D5E005F43A3 /* ViewController.swift in Sources */ = {isa = PBXBuildFile; fileRef = 365F251B1C854D5E005F43A3 /* ViewController.swift */; };
		365F251F1C854D5E005F43A3 /* Main.storyboard in Resources */ = {isa = PBXBuildFile; fileRef = 365F251D1C854D5E005F43A3 /* Main.storyboard */; };
		365F25211C854D5E005F43A3 /* Assets.xcassets in Resources */ = {isa = PBXBuildFile; fileRef = 365F25201C854D5E005F43A3 /* Assets.xcassets */; };
		365F25241C854D5E005F43A3 /* LaunchScreen.storyboard in Resources */ = {isa = PBXBuildFile; fileRef = 365F25221C854D5E005F43A3 /* LaunchScreen.storyboard */; };
/* End PBXBuildFile section */

/* Begin PBXFileReference section */
		365F25161C854D5E005F43A3 /* InstagramProject.app */ = {isa = PBXFileReference; explicitFileType = wrapper.application; includeInIndex = 0; path = InstagramProject.app; sourceTree = BUILT_PRODUCTS_DIR; };
		365F25191C854D5E005F43A3 /* AppDelegate.swift */ = {isa = PBXFileReference; lastKnownFileType = sourcecode.swift; path = AppDelegate.swift; sourceTree = "<group>"; };
		365F251B1C854D5E005F43A3 /* ViewController.swift */ = {isa = PBXFileReference; lastKnownFileType = sourcecode.swift; path = ViewController.swift; sourceTree = "<group>"; };
		365F251E1C854D5E005F43A3 /* Base */ = {isa = PBXFileReference; lastKnownFileType = file.storyboard; name = Base; path = Base.lproj/Main.storyboard; sourceTree = "<group>"; };
		365F25201C854D5E005F43A3 /* Assets.xcassets */ = {isa = PBXFileReference; lastKnownFileType = folder.assetcatalog; path = Assets.xcassets; sourceTree = "<group>"; };
		365F25231C854D5E005F43A3 /* Base */ = {isa = PBXFileReference; lastKnownFileType = file.storyboard; name = Base; path = Base.lproj/LaunchScreen.storyboard; sourceTree = "<group>"; };
		365F25251C854D5E005F43A3 /* Info.plist */ = {isa = PBXFileReference; lastKnownFileType = text.plist.xml; path = Info.plist; sourceTree = "<group>"; };
/* End PBXFileReference section */

/* Begin PBXFrameworksBuildPhase section */
		365F25131C854D5E005F43A3 /* Frameworks */ = {
			isa = PBXFrameworksBuildPhase;
			buildActionMask = 2147483647;
			files = (
			);
			runOnlyForDeploymentPostprocessing = 0;
		};
/* End PBXFrameworksBuildPhase section */

/* Begin PBXGroup section */
		365F250D1C854D5E005F43A3 = {
			isa = PBXGroup;
			children = (
				365F25181C854D5E005F43A3 /* InstagramProject */,
				365F25171C854D5E005F43A3 /* Products */,
			);
			sourceTree = "<group>";
		};
		365F25171C854D5E005F43A3 /* Products */ = {
			isa = PBXGroup;
			children = (
				365F25161C854D5E005F43A3 /* InstagramProject.app */,
			);
			name = Products;
			sourceTree = "<group>";
		};
		365F25181C854D5E005F43A3 /* InstagramProject */ = {
			isa = PBXGroup;
			children = (
				365F25191C854D5E005F43A3 /* AppDelegate.swift */,
				365F251B1C854D5E005F43A3 /* ViewController.swift */,
				365F251D1C854D5E005F43A3 /* Main.storyboard */,
				365F25201C854D5E005F43A3 /* Assets.xcassets */,
				365F25221C854D5E005F43A3 /* LaunchScreen.storyboard */,
				365F25251C854D5E005F43A3 /* Info.plist */,
			);
			path = InstagramProject;
			sourceTree = "<group>";
		};
/* End PBXGroup section */

/* Begin PBXNativeTarget section */
		365F25151C854D5E005F43A3 /* InstagramProject */ = {
			isa = PBXNativeTarget;
			buildConfigurationList = 365F25281C854D5E005F43A3 /* Build configuration list for PBXNativeTarget "InstagramProject" */;
			buildPhases = (
				365F25121C854D5E005F43A3 /* Sources */,
				365F25131C854D5E005F43A3 /* Frameworks */,
				365F25141C854D5E005F43A3 /* Resources */,
			);
			buildRules = (
			);
			dependencies = (
			);
			name = InstagramProject;
			productName = InstagramProject;
			productReference = 365F25161C854D5E005F43A3 /* InstagramProject.app */;
			productType = "com.apple.product-type.application";
		};
/* End PBXNativeTarget section */

/* Begin PBXProject section */
		365F250E1C854D5E005F43A3 /* Project object */ = {
			isa = PBXProject;
			attributes = {
				LastSwiftUpdateCheck = 0720;
				LastUpgradeCheck = 0720;
				ORGANIZATIONNAME = Candy;
				TargetAttributes = {
					365F25151C854D5E005F43A3 = {
						CreatedOnToolsVersion = 7.2.1;
						DevelopmentTeam = GHT3GKS9P8;
					};
				};
			};
			buildConfigurationList = 365F25111C854D5E005F43A3 /* Build configuration list for PBXProject "InstagramProject" */;
			compatibilityVersion = "Xcode 3.2";
			developmentRegion = English;
			hasScannedForEncodings = 0;
			knownRegions = (
				en,
				Base,
			);
			mainGroup = 365F250D1C854D5E005F43A3;
			productRefGroup = 365F25171C854D5E005F43A3 /* Products */;
			projectDirPath = "";
			projectRoot = "";
			targets = (
				365F25151C854D5E005F43A3 /* InstagramProject */,
			);
		};
/* End PBXProject section */

/* Begin PBXResourcesBuildPhase section */
		365F25141C854D5E005F43A3 /* Resources */ = {
			isa = PBXResourcesBuildPhase;
			buildActionMask = 2147483647;
			files = (
				365F25241C854D5E005F43A3 /* LaunchScreen.storyboard in Resources */,
				365F25211C854D5E005F43A3 /* Assets.xcassets in Resources */,
				365F251F1C854D5E005F43A3 /* Main.storyboard in Resources */,
			);
			runOnlyForDeploymentPostprocessing = 0;
		};
/* End PBXResourcesBuildPhase section */

/* Begin PBXSourcesBuildPhase section */
		365F25121C854D5E005F43A3 /* Sources */ = {
			isa = PBXSourcesBuildPhase;
			buildActionMask = 2147483647;
			files = (
				365F251C1C854D5E005F43A3 /* ViewController.swift in Sources */,
				365F251A1C854D5E005F43A3 /* AppDelegate.swift in Sources */,
			);
			runOnlyForDeploymentPostprocessing = 0;
		};
/* End PBXSourcesBuildPhase section */

/* Begin PBXVariantGroup section */
		365F251D1C854D5E005F43A3 /* Main.storyboard */ = {
			isa = PBXVariantGroup;
			children = (
				365F251E1C854D5E005F43A3 /* Base */,
			);
			name = Main.storyboard;
			sourceTree = "<group>";
		};
		365F25221C854D5E005F43A3 /* LaunchScreen.storyboard */ = {
			isa = PBXVariantGroup;
			children = (
				365F25231C854D5E005F43A3 /* Base */,
			);
			name = LaunchScreen.storyboard;
			sourceTree = "<group>";
		};
/* End PBXVariantGroup section */

/* Begin XCBuildConfiguration section */
		365F25261C854D5E005F43A3 /* Debug */ = {
			isa = XCBuildConfiguration;
			buildSettings = {
				ALWAYS_SEARCH_USER_PATHS = NO;
				CLANG_CXX_LANGUAGE_STANDARD = "gnu++0x";
				CLANG_CXX_LIBRARY = "libc++";
				CLANG_ENABLE_MODULES = YES;
				CLANG_ENABLE_OBJC_ARC = YES;
				CLANG_WARN_BOOL_CONVERSION = YES;
				CLANG_WARN_CONSTANT_CONVERSION = YES;
				CLANG_WARN_DIRECT_OBJC_ISA_USAGE = YES_ERROR;
				CLANG_WARN_EMPTY_BODY = YES;
				CLANG_WARN_ENUM_CONVERSION = YES;
				CLANG_WARN_INT_CONVERSION = YES;
				CLANG_WARN_OBJC_ROOT_CLASS = YES_ERROR;
				CLANG_WARN_UNREACHABLE_CODE = YES;
				CLANG_WARN__DUPLICATE_METHOD_MATCH = YES;
				"CODE_SIGN_IDENTITY[sdk=iphoneos*]" = "iPhone Developer";
				COPY_PHASE_STRIP = NO;
				DEBUG_INFORMATION_FORMAT = dwarf;
				ENABLE_STRICT_OBJC_MSGSEND = YES;
				ENABLE_TESTABILITY = YES;
				GCC_C_LANGUAGE_STANDARD = gnu99;
				GCC_DYNAMIC_NO_PIC = NO;
				GCC_NO_COMMON_BLOCKS = YES;
				GCC_OPTIMIZATION_LEVEL = 0;
				GCC_PREPROCESSOR_DEFINITIONS = (
					"DEBUG=1",
					"$(inherited)",
				);
				GCC_WARN_64_TO_32_BIT_CONVERSION = YES;
				GCC_WARN_ABOUT_RETURN_TYPE = YES_ERROR;
				GCC_WARN_UNDECLARED_SELECTOR = YES;
				GCC_WARN_UNINITIALIZED_AUTOS = YES_AGGRESSIVE;
				GCC_WARN_UNUSED_FUNCTION = YES;
				GCC_WARN_UNUSED_VARIABLE = YES;
				IPHONEOS_DEPLOYMENT_TARGET = 9.2;
				MTL_ENABLE_DEBUG_INFO = YES;
				ONLY_ACTIVE_ARCH = YES;
				SDKROOT = iphoneos;
				SWIFT_OPTIMIZATION_LEVEL = "-Onone";
			};
			name = Debug;
		};
		365F25271C854D5E005F43A3 /* Release */ = {
			isa = XCBuildConfiguration;
			buildSettings = {
				ALWAYS_SEARCH_USER_PATHS = NO;
				CLANG_CXX_LANGUAGE_STANDARD = "gnu++0x";
				CLANG_CXX_LIBRARY = "libc++";
				CLANG_ENABLE_MODULES = YES;
				CLANG_ENABLE_OBJC_ARC = YES;
				CLANG_WARN_BOOL_CONVERSION = YES;
				CLANG_WARN_CONSTANT_CONVERSION = YES;
				CLANG_WARN_DIRECT_OBJC_ISA_USAGE = YES_ERROR;
				CLANG_WARN_EMPTY_BODY = YES;
				CLANG_WARN_ENUM_CONVERSION = YES;
				CLANG_WARN_INT_CONVERSION = YES;
				CLANG_WARN_OBJC_ROOT_CLASS = YES_ERROR;
				CLANG_WARN_UNREACHABLE_CODE = YES;
				CLANG_WARN__DUPLICATE_METHOD_MATCH = YES;
				"CODE_SIGN_IDENTITY[sdk=iphoneos*]" = "iPhone Developer";
				COPY_PHASE_STRIP = NO;
				DEBUG_INFORMATION_FORMAT = "dwarf-with-dsym";
				ENABLE_NS_ASSERTIONS = NO;
				ENABLE_STRICT_OBJC_MSGSEND = YES;
				GCC_C_LANGUAGE_STANDARD = gnu99;
				GCC_NO_COMMON_BLOCKS = YES;
				GCC_WARN_64_TO_32_BIT_CONVERSION = YES;
				GCC_WARN_ABOUT_RETURN_TYPE = YES_ERROR;
				GCC_WARN_UNDECLARED_SELECTOR = YES;
				GCC_WARN_UNINITIALIZED_AUTOS = YES_AGGRESSIVE;
				GCC_WARN_UNUSED_FUNCTION = YES;
				GCC_WARN_UNUSED_VARIABLE = YES;
				IPHONEOS_DEPLOYMENT_TARGET = 9.2;
				MTL_ENABLE_DEBUG_INFO = NO;
				SDKROOT = iphoneos;
				VALIDATE_PRODUCT = YES;
			};
			name = Release;
		};
		365F25291C854D5E005F43A3 /* Debug */ = {
			isa = XCBuildConfiguration;
			buildSettings = {
				ASSETCATALOG_COMPILER_APPICON_NAME = AppIcon;
				INFOPLIST_FILE = InstagramProject/Info.plist;
				LD_RUNPATH_SEARCH_PATHS = "$(inherited) @executable_path/Frameworks";
				PRODUCT_BUNDLE_IDENTIFIER = com.candy.InstagramProject;
				PRODUCT_NAME = "$(TARGET_NAME)";
			};
			name = Debug;
		};
		365F252A1C854D5E005F43A3 /* Release */ = {
			isa = XCBuildConfiguration;
			buildSettings = {
				ASSETCATALOG_COMPILER_APPICON_NAME = AppIcon;
				INFOPLIST_FILE = InstagramProject/Info.plist;
				LD_RUNPATH_SEARCH_PATHS = "$(inherited) @executable_path/Frameworks";
				PRODUCT_BUNDLE_IDENTIFIER = com.candy.InstagramProject;
				PRODUCT_NAME = "$(TARGET_NAME)";
			};
			name = Release;
		};
/* End XCBuildConfiguration section */

/* Begin XCConfigurationList section */
		365F25111C854D5E005F43A3 /* Build configuration list for PBXProject "InstagramProject" */ = {
			isa = XCConfigurationList;
			buildConfigurations = (
				365F25261C854D5E005F43A3 /* Debug */,
				365F25271C854D5E005F43A3 /* Release */,
			);
			defaultConfigurationIsVisible = 0;
			defaultConfigurationName = Release;
		};
		365F25281C854D5E005F43A3 /* Build configuration list for PBXNativeTarget "InstagramProject" */ = {
			isa = XCConfigurationList;
			buildConfigurations = (
				365F25291C854D5E005F43A3 /* Debug */,
				365F252A1C854D5E005F43A3 /* Release */,
			);
			defaultConfigurationIsVisible = 0;
		};
/* End XCConfigurationList section */
	};
	rootObject = 365F250E1C854D5E005F43A3 /* Project object */;
}
